# THIS IS AN AUTOGENERATED FILE. DO NOT EDIT THIS FILE DIRECTLY.
# yarn lockfile v1


framer@^0.10:
  version "0.10.10"
  resolved "https://registry.yarnpkg.com/framer/-/framer-0.10.10.tgz#36bb2ae82d620944cf43adea295d6ec7000f7942"
  integrity sha512-9w0Y7p/2HsYQqtiaPgLqwiEFDBTwGwPbufJP8XRek5j/nojcFdm6995l/uBzbpddSgR3oFB1SKcGO2W64KHlzQ==
