# THIS IS AN AUTOGENERATED FILE. DO NOT EDIT THIS FILE DIRECTLY.
# yarn lockfile v1


"@framer/framer.device-skin-apple-iphone-xs-spacegrey@^1.0.0":
  version "1.0.0"
  resolved "https://registry.framer.com/@framer/framer.device-skin-apple-iphone-xs-spacegrey/-/@framer/framer.device-skin-apple-iphone-xs-spacegrey-1.0.0.tgz#d9f524f5a6a4afe8cb413c00f3f16fe4d52ee09e"
  integrity sha512-BWmGnCvnPmYel3ytJ1eiNxugHTj3e7eiih8L1b3RZtB4ZjgF6HiCMp+nsB0wAOJrMS2sA+fEYMDzxqybX9Dukg==

"@framer/steveruizok.classy-inputs@^1.8.0":
  version "1.8.0"
  resolved "https://registry.framer.com/@framer/steveruizok.classy-inputs/-/@framer/steveruizok.classy-inputs-1.8.0.tgz#fa6debf7313190f0e11a69e74ec8725460c86fe4"
  integrity sha512-/eD9b61BUNeIMsD2OHkeg1CBaihHPFCOfXTMQaLj0tV2HzkbULUEXttIb+DEeSCOCMDxQbzmmezoGE7wP5lUHg==
