# THIS IS AN AUTOGENERATED FILE. DO NOT EDIT THIS FILE DIRECTLY.
# yarn lockfile v1


"@emotion/is-prop-valid@^0.7.3":
  version "0.7.3"
  resolved "https://registry.yarnpkg.com/@emotion/is-prop-valid/-/is-prop-valid-0.7.3.tgz#a6bf4fa5387cbba59d44e698a4680f481a8da6cc"
  integrity sha512-uxJqm/sqwXw3YPA5GXX365OBcJGFtxUVkB6WyezqFHlNe9jqUWH5ur2O2M8dGBz61kn1g3ZBlzUunFQXQIClhA==
  dependencies:
    "@emotion/memoize" "0.7.1"

"@emotion/memoize@0.7.1":
  version "0.7.1"
  resolved "https://registry.yarnpkg.com/@emotion/memoize/-/memoize-0.7.1.tgz#e93c13942592cf5ef01aa8297444dc192beee52f"
  integrity sha512-Qv4LTqO11jepd5Qmlp3M1YEjBumoTHcHFdgPTQ+sFlIL5myi/7xu/POwP7IRu6odBdmLXdtIs1D6TuW6kbwbbg==

"@popmotion/easing@^1.0.1":
  version "1.0.2"
  resolved "https://registry.yarnpkg.com/@popmotion/easing/-/easing-1.0.2.tgz#17d925c45b4bf44189e5a38038d149df42d8c0b4"
  integrity sha512-IkdW0TNmRnWTeWI7aGQIVDbKXPWHVEYdGgd5ZR4SH/Ty/61p63jCjrPxX1XrR7IGkl08bjhJROStD7j+RKgoIw==

"@popmotion/popcorn@^0.4.0":
  version "0.4.0"
  resolved "https://registry.yarnpkg.com/@popmotion/popcorn/-/popcorn-0.4.0.tgz#089ba62a7a8801ba18876d42149d4289992b926c"
  integrity sha512-vrCzLNT/ZscfrviWirZwRvpD9hSzCTNRxgUwHb1xvDNKJaXSNKTAeS/aiIdV3A/o/09Gu9CyMI0BpVGhK78wnw==
  dependencies:
    "@popmotion/easing" "^1.0.1"
    framesync "^4.0.1"
    hey-listen "^1.0.8"
    style-value-types "^3.1.4"

"@types/animejs@^2.0.2":
  version "2.0.2"
  resolved "https://registry.yarnpkg.com/@types/animejs/-/animejs-2.0.2.tgz#80ec902fb0dc90778fbcdaf080c03c44ddda979f"
  integrity sha512-ACymFQ5qgSrZNR1Fqjk7Wv9gH6dFgejn2gpLkkceWxTKzivRJsshX4xhBVALgvF79gUdXiMCRIdusN728XpeGA==

"@types/prop-types@*":
  version "15.7.0"
  resolved "https://registry.yarnpkg.com/@types/prop-types/-/prop-types-15.7.0.tgz#4c48fed958d6dcf9487195a0ef6456d5f6e0163a"
  integrity sha512-eItQyV43bj4rR3JPV0Skpl1SncRCdziTEK9/v8VwXmV6d/qOUO8/EuWeHBbCZcsfSHfzI5UyMJLCSXtxxznyZg==

"@types/react-dom@^16.8.2":
  version "16.8.2"
  resolved "https://registry.yarnpkg.com/@types/react-dom/-/react-dom-16.8.2.tgz#9bd7d33f908b243ff0692846ef36c81d4941ad12"
  integrity sha512-MX7n1wq3G/De15RGAAqnmidzhr2Y9O/ClxPxyqaNg96pGyeXUYPSvujgzEVpLo9oIP4Wn1UETl+rxTN02KEpBw==
  dependencies:
    "@types/react" "*"

"@types/react@*", "@types/react@^16.8.5":
  version "16.8.7"
  resolved "https://registry.yarnpkg.com/@types/react/-/react-16.8.7.tgz#7b1c0223dd5494f9b4501ad2a69aa6acb350a29b"
  integrity sha512-0xbkIyrDNKUn4IJVf8JaCn+ucao/cq6ZB8O6kSzhrJub1cVSqgTArtG0qCfdERWKMEIvUbrwLXeQMqWEsyr9dA==
  dependencies:
    "@types/prop-types" "*"
    csstype "^2.2.0"

animejs@^3.0.1:
  version "3.0.1"
  resolved "https://registry.yarnpkg.com/animejs/-/animejs-3.0.1.tgz#8b808bad575e3b6106489d8b04b92bc4062166fe"
  integrity sha512-7mMoBQScvA7s4zm3EVgnuXXrtOu6TJNAhU+Ajo7HsXYH0NwbuZIcRHMO65a9NyUlmAXz4VPxlK5cENNOQbCi8g==

csstype@^2.2.0:
  version "2.6.3"
  resolved "https://registry.yarnpkg.com/csstype/-/csstype-2.6.3.tgz#b701e5968245bf9b08d54ac83d00b624e622a9fa"
  integrity sha512-rINUZXOkcBmoHWEyu7JdHu5JMzkGRoMX4ov9830WNgxf5UYxcBUO0QTKAqeJ5EZfSdlrcJYkC8WwfVW7JYi4yg==

eventemitter3@^3.1.0:
  version "3.1.0"
  resolved "https://registry.yarnpkg.com/eventemitter3/-/eventemitter3-3.1.0.tgz#090b4d6cdbd645ed10bf750d4b5407942d7ba163"
  integrity sha512-ivIvhpq/Y0uSjcHDcOIccjmYjGLcP09MFGE7ysAwkAvkXfpZlC985pH2/ui64DKazbTW/4kN3yqozUxlXzI6cA==

framer-motion@^0.16.10:
  version "0.16.10"
  resolved "https://registry.yarnpkg.com/framer-motion/-/framer-motion-0.16.10.tgz#b83e78586cd48046db24d4c453a9fa30e496c4b6"
  integrity sha512-xUs/QRclMpgKBXA99m6oUBTSCKOKbDVwEGVnJfGlANB7oGddKho7CqK4Q8dtiNYGYyUO652XdWnc953YY4r+uA==
  dependencies:
    "@emotion/is-prop-valid" "^0.7.3"
    "@popmotion/popcorn" "^0.4.0"
    framesync "^4.0.2"
    hey-listen "^1.0.8"
    popmotion "^8.6.9"
    style-value-types "^3.1.4"
    stylefire "^4.1.4"

framer@^1.0.2:
  version "1.0.2"
  resolved "https://registry.yarnpkg.com/framer/-/framer-1.0.2.tgz#9d9a523e00f1e2b059f2b0b3ad850ff468fc53fe"
  integrity sha512-/EenhGgBTZA7CxmrUEz/8lCLVCs/BhbsUy+avGmxUbaZugOv7D4iJ9e44pYqqHpeDsAs8ulHUhrknp3RHxDrrA==
  dependencies:
    style-value-types "^3.1.4"

framesync@^4.0.0, framesync@^4.0.1, framesync@^4.0.2:
  version "4.0.2"
  resolved "https://registry.yarnpkg.com/framesync/-/framesync-4.0.2.tgz#b03b62852f12b0d80086b60834b089718f03cda5"
  integrity sha512-hQLD5NURHmzB4Symo6JJ5HDw2TWwhr6T3gw9aChNMsZvkxcD8U8Gcz/hllAOOMGE+HO3ScpRPahpXDQRgF19JQ==
  dependencies:
    hey-listen "^1.0.5"

hey-listen@^1.0.5, hey-listen@^1.0.8:
  version "1.0.8"
  resolved "https://registry.yarnpkg.com/hey-listen/-/hey-listen-1.0.8.tgz#8e59561ff724908de1aa924ed6ecc84a56a9aa68"
  integrity sha512-COpmrF2NOg4TBWUJ5UVyaCU2A88wEMkUPK4hNqyCkqHbxT92BbvfjoSozkAIIm6XhicGlJHhFdullInrdhwU8Q==

immutable@^4.0.0-rc.12:
  version "4.0.0-rc.12"
  resolved "https://registry.yarnpkg.com/immutable/-/immutable-4.0.0-rc.12.tgz#ca59a7e4c19ae8d9bf74a97bdf0f6e2f2a5d0217"
  integrity sha512-0M2XxkZLx/mi3t8NVwIm1g8nHoEmM9p9UBl/G9k4+hm0kBgOVdMV/B3CY5dQ8qG8qc80NN4gDV4HQv6FTJ5q7A==

"js-tokens@^3.0.0 || ^4.0.0":
  version "4.0.0"
  resolved "https://registry.yarnpkg.com/js-tokens/-/js-tokens-4.0.0.tgz#19203fb59991df98e3a287050d4647cdeaf32499"
  integrity sha512-RdJUflcE3cUzKiMqQgsCu06FPu9UdIJO0beYbPhHN4k6apgJtifcoCtT9bcxOpYBtpD2kCM6Sbzg4CausW/PKQ==

loose-envify@^1.1.0, loose-envify@^1.4.0:
  version "1.4.0"
  resolved "https://registry.yarnpkg.com/loose-envify/-/loose-envify-1.4.0.tgz#71ee51fa7be4caec1a63839f7e682d8132d30caf"
  integrity sha512-lyuxPGr/Wfhrlem2CL/UcnUc1zcqKAImBDzukY7Y5F/yQiNdko6+fRLevlw1HgMySw7f611UIY408EtxRSoK3Q==
  dependencies:
    js-tokens "^3.0.0 || ^4.0.0"

object-assign@^4.1.1:
  version "4.1.1"
  resolved "https://registry.yarnpkg.com/object-assign/-/object-assign-4.1.1.tgz#2109adc7965887cfc05cbbd442cac8bfbb360863"
  integrity sha1-IQmtx5ZYh8/AXLvUQsrIv7s2CGM=

popmotion@^8.6.9:
  version "8.6.9"
  resolved "https://registry.yarnpkg.com/popmotion/-/popmotion-8.6.9.tgz#c8d0626a3956afef6c7aab357b424cf175363396"
  integrity sha512-GxzbiANHxuMv8i14/U2zVa5a0UBBJu5fcAWsoeMlNkJm3aTl9Z9d2JqVB6N7EnKYyah8KDfK2ScvP9G83SLFfg==
  dependencies:
    "@popmotion/easing" "^1.0.1"
    "@popmotion/popcorn" "^0.4.0"
    framesync "^4.0.0"
    hey-listen "^1.0.5"
    style-value-types "^3.1.4"
    stylefire "^4.1.3"
    tslib "^1.9.1"

prop-types@^15.6.2:
  version "15.7.2"
  resolved "https://registry.yarnpkg.com/prop-types/-/prop-types-15.7.2.tgz#52c41e75b8c87e72b9d9360e0206b99dcbffa6c5"
  integrity sha512-8QQikdH7//R2vurIJSutZ1smHYTcLpRWEOlHnzcWHmBYrOGUysKwSsrC89BCiFj3CbrfJ/nXFdJepOVrY1GCHQ==
  dependencies:
    loose-envify "^1.4.0"
    object-assign "^4.1.1"
    react-is "^16.8.1"

react-dom@^16.8.3:
  version "16.8.4"
  resolved "https://registry.yarnpkg.com/react-dom/-/react-dom-16.8.4.tgz#1061a8e01a2b3b0c8160037441c3bf00a0e3bc48"
  integrity sha512-Ob2wK7XG2tUDt7ps7LtLzGYYB6DXMCLj0G5fO6WeEICtT4/HdpOi7W/xLzZnR6RCG1tYza60nMdqtxzA8FaPJQ==
  dependencies:
    loose-envify "^1.1.0"
    object-assign "^4.1.1"
    prop-types "^15.6.2"
    scheduler "^0.13.4"

react-is@^16.8.1:
  version "16.8.4"
  resolved "https://registry.yarnpkg.com/react-is/-/react-is-16.8.4.tgz#90f336a68c3a29a096a3d648ab80e87ec61482a2"
  integrity sha512-PVadd+WaUDOAciICm/J1waJaSvgq+4rHE/K70j0PFqKhkTBsPv/82UGQJNXAngz1fOQLLxI6z1sEDmJDQhCTAA==

react@^16.8.3:
  version "16.8.4"
  resolved "https://registry.yarnpkg.com/react/-/react-16.8.4.tgz#fdf7bd9ae53f03a9c4cd1a371432c206be1c4768"
  integrity sha512-0GQ6gFXfUH7aZcjGVymlPOASTuSjlQL4ZtVC5YKH+3JL6bBLCVO21DknzmaPlI90LN253ojj02nsapy+j7wIjg==
  dependencies:
    loose-envify "^1.1.0"
    object-assign "^4.1.1"
    prop-types "^15.6.2"
    scheduler "^0.13.4"

scheduler@^0.13.4:
  version "0.13.4"
  resolved "https://registry.yarnpkg.com/scheduler/-/scheduler-0.13.4.tgz#8fef05e7a3580c76c0364d2df5e550e4c9140298"
  integrity sha512-cvSOlRPxOHs5dAhP9yiS/6IDmVAVxmk33f0CtTJRkmUWcb1Us+t7b1wqdzoC0REw2muC9V5f1L/w5R5uKGaepA==
  dependencies:
    loose-envify "^1.1.0"
    object-assign "^4.1.1"

style-value-types@^3.1.4:
  version "3.1.4"
  resolved "https://registry.yarnpkg.com/style-value-types/-/style-value-types-3.1.4.tgz#8c0959d26405eb0cbad40097b496220d41c22169"
  integrity sha512-jHxRZWQpx6imY+QIveHTZwGOJWJqX3Cmt6Yk1zCGeQjk4noEsX+lfvFJUmRPpZL3VTrfGrHtjVWTcvcHx/OFhQ==
  dependencies:
    hey-listen "^1.0.8"

stylefire@^4.1.3, stylefire@^4.1.4:
  version "4.1.4"
  resolved "https://registry.yarnpkg.com/stylefire/-/stylefire-4.1.4.tgz#42de066da75762bf086de33856a45ac95f7d66ce"
  integrity sha512-bp9nNTTFHdIQp/4szBuF2z85rMAq5oySeAHdpNgPTcVlXDrwsi1FjjOLug/4+yx1p8eMFFGrkAex7b5/M95ivg==
  dependencies:
    "@popmotion/popcorn" "^0.4.0"
    framesync "^4.0.0"
    hey-listen "^1.0.8"
    style-value-types "^3.1.4"

tslib@^1.9.1:
  version "1.9.3"
  resolved "https://registry.yarnpkg.com/tslib/-/tslib-1.9.3.tgz#d7e4dd79245d85428c4d7e4822a79917954ca286"
  integrity sha512-4krF8scpejhaOgqzBEcGM7yDIEfi0/8+8zDRZhNZZ2kjmHJ4hv3zCbQWxoJGz1iw5U0Jl0nma13xzHXcncMavQ==

typescript@^3.3.3333:
  version "3.3.3333"
  resolved "https://registry.yarnpkg.com/typescript/-/typescript-3.3.3333.tgz#171b2c5af66c59e9431199117a3bcadc66fdcfd6"
  integrity sha512-JjSKsAfuHBE/fB2oZ8NxtRTk5iGcg6hkYXMnZ3Wc+b2RSqejEqTaem11mHASMnFilHrax3sLK0GDzcJrekZYLw==
