# THIS IS AN AUTOGENERATED FILE. DO NOT EDIT THIS FILE DIRECTLY.
# yarn lockfile v1


"@types/animejs@^2.0.2":
  version "2.0.2"
  resolved "https://registry.yarnpkg.com/@types/animejs/-/animejs-2.0.2.tgz#80ec902fb0dc90778fbcdaf080c03c44ddda979f"
  integrity sha512-ACymFQ5qgSrZNR1Fqjk7Wv9gH6dFgejn2gpLkkceWxTKzivRJsshX4xhBVALgvF79gUdXiMCRIdusN728XpeGA==

"@types/prop-types@*":
  version "15.7.0"
  resolved "https://registry.yarnpkg.com/@types/prop-types/-/prop-types-15.7.0.tgz#4c48fed958d6dcf9487195a0ef6456d5f6e0163a"
  integrity sha512-eItQyV43bj4rR3JPV0Skpl1SncRCdziTEK9/v8VwXmV6d/qOUO8/EuWeHBbCZcsfSHfzI5UyMJLCSXtxxznyZg==

"@types/react-dom@^16.8.2":
  version "16.8.4"
  resolved "https://registry.yarnpkg.com/@types/react-dom/-/react-dom-16.8.4.tgz#7fb7ba368857c7aa0f4e4511c4710ca2c5a12a88"
  integrity sha512-eIRpEW73DCzPIMaNBDP5pPIpK1KXyZwNgfxiVagb5iGiz6da+9A5hslSX6GAQKdO7SayVCS/Fr2kjqprgAvkfA==
  dependencies:
    "@types/react" "*"

"@types/react@*", "@types/react@^16.8.5":
  version "16.8.14"
  resolved "https://registry.yarnpkg.com/@types/react/-/react-16.8.14.tgz#b561bfabeb8f60d12e6d4766367e7a9ae927aa18"
  integrity sha512-26tFVJ1omGmzIdFTFmnC5zhz1GTaqCjxgUxV4KzWvsybF42P7/j4RBn6UeO3KbHPXqKWZszMXMoI65xIWm954A==
  dependencies:
    "@types/prop-types" "*"
    csstype "^2.2.0"

"@types/react@^16.8":
  version "16.8.4"
  resolved "https://registry.yarnpkg.com/@types/react/-/react-16.8.4.tgz#134307f5266e866d5e7c25e47f31f9abd5b2ea34"
  integrity sha512-Mpz1NNMJvrjf0GcDqiK8+YeOydXfD8Mgag3UtqQ5lXYTsMnOiHcKmO48LiSWMb1rSHB9MV/jlgyNzeAVxWMZRQ==
  dependencies:
    "@types/prop-types" "*"
    csstype "^2.2.0"

animejs@^3.0.1:
  version "3.0.1"
  resolved "https://registry.yarnpkg.com/animejs/-/animejs-3.0.1.tgz#8b808bad575e3b6106489d8b04b92bc4062166fe"
  integrity sha512-7mMoBQScvA7s4zm3EVgnuXXrtOu6TJNAhU+Ajo7HsXYH0NwbuZIcRHMO65a9NyUlmAXz4VPxlK5cENNOQbCi8g==

csstype@^2.2.0:
  version "2.6.1"
  resolved "https://registry.yarnpkg.com/csstype/-/csstype-2.6.1.tgz#4cfbf637a577497036ebcd7e32647ef19a0b8076"
  integrity sha512-wv7IRqCGsL7WGKB8gPvrl+++HlFM9kxAM6jL1EXNPNTshEJYilMkbfS2SnuHha77uosp/YVK0wAp2jmlBzn1tg==

framer-controller@^1.6.32:
  version "1.6.32"
  resolved "https://registry.yarnpkg.com/framer-controller/-/framer-controller-1.6.32.tgz#a8e900bb821a8b1bb400b27951b9970b9a32aed3"
  integrity sha512-76RGbLlwTjktLDiG447Qh0H85AiWqj1bmZxNApwY4bG0cHOsDn5BFOPZbGsnD5KJzH0XWCr8/FjmMXx0W41V3A==
  dependencies:
    "@types/animejs" "^2.0.2"
    "@types/react" "^16.8.5"
    "@types/react-dom" "^16.8.2"
    animejs "^3.0.1"
    framer "^0.10.10"

framer@^0.10.10:
  version "0.10.10"
  resolved "https://registry.yarnpkg.com/framer/-/framer-0.10.10.tgz#36bb2ae82d620944cf43adea295d6ec7000f7942"
  integrity sha512-9w0Y7p/2HsYQqtiaPgLqwiEFDBTwGwPbufJP8XRek5j/nojcFdm6995l/uBzbpddSgR3oFB1SKcGO2W64KHlzQ==
