# THIS IS AN AUTOGENERATED FILE. DO NOT EDIT THIS FILE DIRECTLY.
# yarn lockfile v1


"@framer/framer.device-skin-apple-iphone-xs-spacegrey@^1.0.0":
  version "1.0.0"
  resolved "https://registry.framer.com/@framer/framer.device-skin-apple-iphone-xs-spacegrey/-/@framer/framer.device-skin-apple-iphone-xs-spacegrey-1.0.0.tgz#d9f524f5a6a4afe8cb413c00f3f16fe4d52ee09e"
  integrity sha512-BWmGnCvnPmYel3ytJ1eiNxugHTj3e7eiih8L1b3RZtB4ZjgF6HiCMp+nsB0wAOJrMS2sA+fEYMDzxqybX9Dukg==

"@framer/steveruizok.classy-inputs@^1.7.0":
  version "1.7.0"
  resolved "https://registry.framer.com/@framer/steveruizok.classy-inputs/-/@framer/steveruizok.classy-inputs-1.7.0.tgz#81ffd6232febd7be82eaba7e98b1d9a295b5d1bd"
  integrity sha1-gf/WIy/r176C6rp+mLHZopW10b0=

"@types/prop-types@*":
  version "15.5.6"
  resolved "https://registry.yarnpkg.com/@types/prop-types/-/prop-types-15.5.6.tgz#9c03d3fed70a8d517c191b7734da2879b50ca26c"
  integrity sha512-ZBFR7TROLVzCkswA3Fmqq+IIJt62/T7aY/Dmz+QkU7CaW2QFqAitCE8Ups7IzmGhcN1YWMBT4Qcoc07jU9hOJQ==

"@types/react@^16.4.16":
  version "16.4.16"
  resolved "https://registry.yarnpkg.com/@types/react/-/react-16.4.16.tgz#99f91b1200ae8c2062030402006d3b3c3a177043"
  integrity sha512-lxyoipLWweAnLnSsV4Ho2NAZTKKmxeYgkTQ6PaDiPDU9JJBUY2zJVVGiK1smzYv8+ZgbqEmcm5xM74GCpunSEA==
  dependencies:
    "@types/prop-types" "*"
    csstype "^2.2.0"

csstype@^2.2.0:
  version "2.5.5"
  resolved "https://registry.yarnpkg.com/csstype/-/csstype-2.5.5.tgz#4125484a3d42189a863943f23b9e4b80fedfa106"
  integrity sha512-EGMjeoiN3aqEX5u/cyH5mSdGBDGdLcCQvcEcBWNGFSPXKd9uOTIeVG91YQ22OxI44DKpvI+4C7VUSmEpsHWJaA==
