# THIS IS AN AUTOGENERATED FILE. DO NOT EDIT THIS FILE DIRECTLY.
# yarn lockfile v1


framer@^0.10:
  version "0.10.9"
  resolved "https://registry.yarnpkg.com/framer/-/framer-0.10.9.tgz#6bdf801303ef801a4345d701a3f6098d59231a2c"
  integrity sha512-pfis3ukgh4btEXtiBlJN4qWvw0ylauouYOrn2SGlVepDjXlQJl9Zut1W9BlhHWFpS6dS6xVjQ6jS8dSoj+pjng==
